// !$*UTF8*$!
{
	archiveVersion = 1;
	classes = {
	};
	objectVersion = 56;
	objects = {

/* Begin PBXBuildFile section */
		C7EB4E3229E7124400E5A764 /* CleanArchitectureExampleApp.swift in Sources */ = {isa = PBXBuildFile; fileRef = C7EB4E3129E7124400E5A764 /* CleanArchitectureExampleApp.swift */; };
		C7EB4E3629E7124500E5A764 /* Assets.xcassets in Resources */ = {isa = PBXBuildFile; fileRef = C7EB4E3529E7124500E5A764 /* Assets.xcassets */; };
		C7EB4E3929E7124500E5A764 /* Preview Assets.xcassets in Resources */ = {isa = PBXBuildFile; fileRef = C7EB4E3829E7124500E5A764 /* Preview Assets.xcassets */; };
		C7EB4E4429E727A000E5A764 /* ListPlayersView.swift in Sources */ = {isa = PBXBuildFile; fileRef = C7EB4E4329E727A000E5A764 /* ListPlayersView.swift */; };
		C7EB4E4629E727DA00E5A764 /* ListPlayersPresenter.swift in Sources */ = {isa = PBXBuildFile; fileRef = C7EB4E4529E727DA00E5A764 /* ListPlayersPresenter.swift */; };
		C7EB4E4B29E729C100E5A764 /* PlayerEntity.swift in Sources */ = {isa = PBXBuildFile; fileRef = C7EB4E4A29E729C100E5A764 /* PlayerEntity.swift */; };
		C7EB4E4D29E729DC00E5A764 /* FetchPlayersUseCase.swift in Sources */ = {isa = PBXBuildFile; fileRef = C7EB4E4C29E729DC00E5A764 /* FetchPlayersUseCase.swift */; };
		C7EB4E4F29E729FB00E5A764 /* PlayersRepository.swift in Sources */ = {isa = PBXBuildFile; fileRef = C7EB4E4E29E729FB00E5A764 /* PlayersRepository.swift */; };
		C7EB4E5129E72A2C00E5A764 /* PlayersRepositoryImpl.swift in Sources */ = {isa = PBXBuildFile; fileRef = C7EB4E5029E72A2C00E5A764 /* PlayersRepositoryImpl.swift */; };
		C7EB4E5329E72A4D00E5A764 /* NetworkPlayersDataSource.swift in Sources */ = {isa = PBXBuildFile; fileRef = C7EB4E5229E72A4D00E5A764 /* NetworkPlayersDataSource.swift */; };
		C7EB4E5529E73BF200E5A764 /* Helpers.swift in Sources */ = {isa = PBXBuildFile; fileRef = C7EB4E5429E73BF200E5A764 /* Helpers.swift */; };
		C7EB4E5729E73D1C00E5A764 /* ListPlayersViewModel.swift in Sources */ = {isa = PBXBuildFile; fileRef = C7EB4E5629E73D1C00E5A764 /* ListPlayersViewModel.swift */; };
		C7EB4E5929E73EB700E5A764 /* UseCaseFactory.swift in Sources */ = {isa = PBXBuildFile; fileRef = C7EB4E5829E73EB700E5A764 /* UseCaseFactory.swift */; };
/* End PBXBuildFile section */

/* Begin PBXFileReference section */
		C7EB4E2E29E7124400E5A764 /* CleanArchitectureExample.app */ = {isa = PBXFileReference; explicitFileType = wrapper.application; includeInIndex = 0; path = CleanArchitectureExample.app; sourceTree = BUILT_PRODUCTS_DIR; };
		C7EB4E3129E7124400E5A764 /* CleanArchitectureExampleApp.swift */ = {isa = PBXFileReference; lastKnownFileType = sourcecode.swift; path = CleanArchitectureExampleApp.swift; sourceTree = "<group>"; };
		C7EB4E3529E7124500E5A764 /* Assets.xcassets */ = {isa = PBXFileReference; lastKnownFileType = folder.assetcatalog; path = Assets.xcassets; sourceTree = "<group>"; };
		C7EB4E3829E7124500E5A764 /* Preview Assets.xcassets */ = {isa = PBXFileReference; lastKnownFileType = folder.assetcatalog; path = "Preview Assets.xcassets"; sourceTree = "<group>"; };
		C7EB4E4329E727A000E5A764 /* ListPlayersView.swift */ = {isa = PBXFileReference; lastKnownFileType = sourcecode.swift; path = ListPlayersView.swift; sourceTree = "<group>"; };
		C7EB4E4529E727DA00E5A764 /* ListPlayersPresenter.swift */ = {isa = PBXFileReference; lastKnownFileType = sourcecode.swift; path = ListPlayersPresenter.swift; sourceTree = "<group>"; };
		C7EB4E4A29E729C100E5A764 /* PlayerEntity.swift */ = {isa = PBXFileReference; lastKnownFileType = sourcecode.swift; path = PlayerEntity.swift; sourceTree = "<group>"; };
		C7EB4E4C29E729DC00E5A764 /* FetchPlayersUseCase.swift */ = {isa = PBXFileReference; lastKnownFileType = sourcecode.swift; path = FetchPlayersUseCase.swift; sourceTree = "<group>"; };
		C7EB4E4E29E729FB00E5A764 /* PlayersRepository.swift */ = {isa = PBXFileReference; lastKnownFileType = sourcecode.swift; path = PlayersRepository.swift; sourceTree = "<group>"; };
		C7EB4E5029E72A2C00E5A764 /* PlayersRepositoryImpl.swift */ = {isa = PBXFileReference; lastKnownFileType = sourcecode.swift; path = PlayersRepositoryImpl.swift; sourceTree = "<group>"; };
		C7EB4E5229E72A4D00E5A764 /* NetworkPlayersDataSource.swift */ = {isa = PBXFileReference; lastKnownFileType = sourcecode.swift; path = NetworkPlayersDataSource.swift; sourceTree = "<group>"; };
		C7EB4E5429E73BF200E5A764 /* Helpers.swift */ = {isa = PBXFileReference; lastKnownFileType = sourcecode.swift; path = Helpers.swift; sourceTree = "<group>"; };
		C7EB4E5629E73D1C00E5A764 /* ListPlayersViewModel.swift */ = {isa = PBXFileReference; lastKnownFileType = sourcecode.swift; path = ListPlayersViewModel.swift; sourceTree = "<group>"; };
		C7EB4E5829E73EB700E5A764 /* UseCaseFactory.swift */ = {isa = PBXFileReference; lastKnownFileType = sourcecode.swift; path = UseCaseFactory.swift; sourceTree = "<group>"; };
/* End PBXFileReference section */

/* Begin PBXFrameworksBuildPhase section */
		C7EB4E2B29E7124400E5A764 /* Frameworks */ = {
			isa = PBXFrameworksBuildPhase;
			buildActionMask = 2147483647;
			files = (
			);
			runOnlyForDeploymentPostprocessing = 0;
		};
/* End PBXFrameworksBuildPhase section */

/* Begin PBXGroup section */
		C7EB4E2529E7124400E5A764 = {
			isa = PBXGroup;
			children = (
				C7EB4E3029E7124400E5A764 /* CleanArchitectureExample */,
				C7EB4E2F29E7124400E5A764 /* Products */,
			);
			sourceTree = "<group>";
		};
		C7EB4E2F29E7124400E5A764 /* Products */ = {
			isa = PBXGroup;
			children = (
				C7EB4E2E29E7124400E5A764 /* CleanArchitectureExample.app */,
			);
			name = Products;
			sourceTree = "<group>";
		};
		C7EB4E3029E7124400E5A764 /* CleanArchitectureExample */ = {
			isa = PBXGroup;
			children = (
				C7EB4E3F29E7275F00E5A764 /* ListPlayers */,
				C7EB4E3129E7124400E5A764 /* CleanArchitectureExampleApp.swift */,
				C7EB4E3529E7124500E5A764 /* Assets.xcassets */,
				C7EB4E3729E7124500E5A764 /* Preview Content */,
				C7EB4E5429E73BF200E5A764 /* Helpers.swift */,
			);
			path = CleanArchitectureExample;
			sourceTree = "<group>";
		};
		C7EB4E3729E7124500E5A764 /* Preview Content */ = {
			isa = PBXGroup;
			children = (
				C7EB4E3829E7124500E5A764 /* Preview Assets.xcassets */,
			);
			path = "Preview Content";
			sourceTree = "<group>";
		};
		C7EB4E3F29E7275F00E5A764 /* ListPlayers */ = {
			isa = PBXGroup;
			children = (
				C7EB4E4229E7277200E5A764 /* Data */,
				C7EB4E4129E7276B00E5A764 /* Presentation */,
				C7EB4E4029E7276700E5A764 /* Domain */,
			);
			path = ListPlayers;
			sourceTree = "<group>";
		};
		C7EB4E4029E7276700E5A764 /* Domain */ = {
			isa = PBXGroup;
			children = (
				C7EB4E4929E729AD00E5A764 /* Interfaces */,
				C7EB4E4829E729A600E5A764 /* UseCases */,
				C7EB4E4729E729A100E5A764 /* Entities */,
			);
			path = Domain;
			sourceTree = "<group>";
		};
		C7EB4E4129E7276B00E5A764 /* Presentation */ = {
			isa = PBXGroup;
			children = (
				C7EB4E4329E727A000E5A764 /* ListPlayersView.swift */,
				C7EB4E4529E727DA00E5A764 /* ListPlayersPresenter.swift */,
				C7EB4E5629E73D1C00E5A764 /* ListPlayersViewModel.swift */,
			);
			path = Presentation;
			sourceTree = "<group>";
		};
		C7EB4E4229E7277200E5A764 /* Data */ = {
			isa = PBXGroup;
			children = (
				C7EB4E5029E72A2C00E5A764 /* PlayersRepositoryImpl.swift */,
				C7EB4E5229E72A4D00E5A764 /* NetworkPlayersDataSource.swift */,
			);
			path = Data;
			sourceTree = "<group>";
		};
		C7EB4E4729E729A100E5A764 /* Entities */ = {
			isa = PBXGroup;
			children = (
				C7EB4E4A29E729C100E5A764 /* PlayerEntity.swift */,
			);
			path = Entities;
			sourceTree = "<group>";
		};
		C7EB4E4829E729A600E5A764 /* UseCases */ = {
			isa = PBXGroup;
			children = (
				C7EB4E4C29E729DC00E5A764 /* FetchPlayersUseCase.swift */,
				C7EB4E5829E73EB700E5A764 /* UseCaseFactory.swift */,
			);
			path = UseCases;
			sourceTree = "<group>";
		};
		C7EB4E4929E729AD00E5A764 /* Interfaces */ = {
			isa = PBXGroup;
			children = (
				C7EB4E4E29E729FB00E5A764 /* PlayersRepository.swift */,
			);
			path = Interfaces;
			sourceTree = "<group>";
		};
/* End PBXGroup section */

/* Begin PBXNativeTarget section */
		C7EB4E2D29E7124400E5A764 /* CleanArchitectureExample */ = {
			isa = PBXNativeTarget;
			buildConfigurationList = C7EB4E3C29E7124500E5A764 /* Build configuration list for PBXNativeTarget "CleanArchitectureExample" */;
			buildPhases = (
				C7EB4E2A29E7124400E5A764 /* Sources */,
				C7EB4E2B29E7124400E5A764 /* Frameworks */,
				C7EB4E2C29E7124400E5A764 /* Resources */,
			);
			buildRules = (
			);
			dependencies = (
			);
			name = CleanArchitectureExample;
			productName = CleanArchitectureExample;
			productReference = C7EB4E2E29E7124400E5A764 /* CleanArchitectureExample.app */;
			productType = "com.apple.product-type.application";
		};
/* End PBXNativeTarget section */

/* Begin PBXProject section */
		C7EB4E2629E7124400E5A764 /* Project object */ = {
			isa = PBXProject;
			attributes = {
				BuildIndependentTargetsInParallel = 1;
				LastSwiftUpdateCheck = 1410;
				LastUpgradeCheck = 1410;
				TargetAttributes = {
					C7EB4E2D29E7124400E5A764 = {
						CreatedOnToolsVersion = 14.1;
					};
				};
			};
			buildConfigurationList = C7EB4E2929E7124400E5A764 /* Build configuration list for PBXProject "CleanArchitectureExample" */;
			compatibilityVersion = "Xcode 14.0";
			developmentRegion = en;
			hasScannedForEncodings = 0;
			knownRegions = (
				en,
				Base,
			);
			mainGroup = C7EB4E2529E7124400E5A764;
			productRefGroup = C7EB4E2F29E7124400E5A764 /* Products */;
			projectDirPath = "";
			projectRoot = "";
			targets = (
				C7EB4E2D29E7124400E5A764 /* CleanArchitectureExample */,
			);
		};
/* End PBXProject section */

/* Begin PBXResourcesBuildPhase section */
		C7EB4E2C29E7124400E5A764 /* Resources */ = {
			isa = PBXResourcesBuildPhase;
			buildActionMask = 2147483647;
			files = (
				C7EB4E3929E7124500E5A764 /* Preview Assets.xcassets in Resources */,
				C7EB4E3629E7124500E5A764 /* Assets.xcassets in Resources */,
			);
			runOnlyForDeploymentPostprocessing = 0;
		};
/* End PBXResourcesBuildPhase section */

/* Begin PBXSourcesBuildPhase section */
		C7EB4E2A29E7124400E5A764 /* Sources */ = {
			isa = PBXSourcesBuildPhase;
			buildActionMask = 2147483647;
			files = (
				C7EB4E5129E72A2C00E5A764 /* PlayersRepositoryImpl.swift in Sources */,
				C7EB4E4B29E729C100E5A764 /* PlayerEntity.swift in Sources */,
				C7EB4E5329E72A4D00E5A764 /* NetworkPlayersDataSource.swift in Sources */,
				C7EB4E5929E73EB700E5A764 /* UseCaseFactory.swift in Sources */,
				C7EB4E4F29E729FB00E5A764 /* PlayersRepository.swift in Sources */,
				C7EB4E5529E73BF200E5A764 /* Helpers.swift in Sources */,
				C7EB4E4D29E729DC00E5A764 /* FetchPlayersUseCase.swift in Sources */,
				C7EB4E4629E727DA00E5A764 /* ListPlayersPresenter.swift in Sources */,
				C7EB4E4429E727A000E5A764 /* ListPlayersView.swift in Sources */,
				C7EB4E3229E7124400E5A764 /* CleanArchitectureExampleApp.swift in Sources */,
				C7EB4E5729E73D1C00E5A764 /* ListPlayersViewModel.swift in Sources */,
			);
			runOnlyForDeploymentPostprocessing = 0;
		};
/* End PBXSourcesBuildPhase section */

/* Begin XCBuildConfiguration section */
		C7EB4E3A29E7124500E5A764 /* Debug */ = {
			isa = XCBuildConfiguration;
			buildSettings = {
				ALWAYS_SEARCH_USER_PATHS = NO;
				CLANG_ANALYZER_NONNULL = YES;
				CLANG_ANALYZER_NUMBER_OBJECT_CONVERSION = YES_AGGRESSIVE;
				CLANG_CXX_LANGUAGE_STANDARD = "gnu++20";
				CLANG_ENABLE_MODULES = YES;
				CLANG_ENABLE_OBJC_ARC = YES;
				CLANG_ENABLE_OBJC_WEAK = YES;
				CLANG_WARN_BLOCK_CAPTURE_AUTORELEASING = YES;
				CLANG_WARN_BOOL_CONVERSION = YES;
				CLANG_WARN_COMMA = YES;
				CLANG_WARN_CONSTANT_CONVERSION = YES;
				CLANG_WARN_DEPRECATED_OBJC_IMPLEMENTATIONS = YES;
				CLANG_WARN_DIRECT_OBJC_ISA_USAGE = YES_ERROR;
				CLANG_WARN_DOCUMENTATION_COMMENTS = YES;
				CLANG_WARN_EMPTY_BODY = YES;
				CLANG_WARN_ENUM_CONVERSION = YES;
				CLANG_WARN_INFINITE_RECURSION = YES;
				CLANG_WARN_INT_CONVERSION = YES;
				CLANG_WARN_NON_LITERAL_NULL_CONVERSION = YES;
				CLANG_WARN_OBJC_IMPLICIT_RETAIN_SELF = YES;
				CLANG_WARN_OBJC_LITERAL_CONVERSION = YES;
				CLANG_WARN_OBJC_ROOT_CLASS = YES_ERROR;
				CLANG_WARN_QUOTED_INCLUDE_IN_FRAMEWORK_HEADER = YES;
				CLANG_WARN_RANGE_LOOP_ANALYSIS = YES;
				CLANG_WARN_STRICT_PROTOTYPES = YES;
				CLANG_WARN_SUSPICIOUS_MOVE = YES;
				CLANG_WARN_UNGUARDED_AVAILABILITY = YES_AGGRESSIVE;
				CLANG_WARN_UNREACHABLE_CODE = YES;
				CLANG_WARN__DUPLICATE_METHOD_MATCH = YES;
				COPY_PHASE_STRIP = NO;
				DEBUG_INFORMATION_FORMAT = dwarf;
				ENABLE_STRICT_OBJC_MSGSEND = YES;
				ENABLE_TESTABILITY = YES;
				GCC_C_LANGUAGE_STANDARD = gnu11;
				GCC_DYNAMIC_NO_PIC = NO;
				GCC_NO_COMMON_BLOCKS = YES;
				GCC_OPTIMIZATION_LEVEL = 0;
				GCC_PREPROCESSOR_DEFINITIONS = (
					"DEBUG=1",
					"$(inherited)",
				);
				GCC_WARN_64_TO_32_BIT_CONVERSION = YES;
				GCC_WARN_ABOUT_RETURN_TYPE = YES_ERROR;
				GCC_WARN_UNDECLARED_SELECTOR = YES;
				GCC_WARN_UNINITIALIZED_AUTOS = YES_AGGRESSIVE;
				GCC_WARN_UNUSED_FUNCTION = YES;
				GCC_WARN_UNUSED_VARIABLE = YES;
				IPHONEOS_DEPLOYMENT_TARGET = 16.1;
				MTL_ENABLE_DEBUG_INFO = INCLUDE_SOURCE;
				MTL_FAST_MATH = YES;
				ONLY_ACTIVE_ARCH = YES;
				SDKROOT = iphoneos;
				SWIFT_ACTIVE_COMPILATION_CONDITIONS = DEBUG;
				SWIFT_OPTIMIZATION_LEVEL = "-Onone";
			};
			name = Debug;
		};
		C7EB4E3B29E7124500E5A764 /* Release */ = {
			isa = XCBuildConfiguration;
			buildSettings = {
				ALWAYS_SEARCH_USER_PATHS = NO;
				CLANG_ANALYZER_NONNULL = YES;
				CLANG_ANALYZER_NUMBER_OBJECT_CONVERSION = YES_AGGRESSIVE;
				CLANG_CXX_LANGUAGE_STANDARD = "gnu++20";
				CLANG_ENABLE_MODULES = YES;
				CLANG_ENABLE_OBJC_ARC = YES;
				CLANG_ENABLE_OBJC_WEAK = YES;
				CLANG_WARN_BLOCK_CAPTURE_AUTORELEASING = YES;
				CLANG_WARN_BOOL_CONVERSION = YES;
				CLANG_WARN_COMMA = YES;
				CLANG_WARN_CONSTANT_CONVERSION = YES;
				CLANG_WARN_DEPRECATED_OBJC_IMPLEMENTATIONS = YES;
				CLANG_WARN_DIRECT_OBJC_ISA_USAGE = YES_ERROR;
				CLANG_WARN_DOCUMENTATION_COMMENTS = YES;
				CLANG_WARN_EMPTY_BODY = YES;
				CLANG_WARN_ENUM_CONVERSION = YES;
				CLANG_WARN_INFINITE_RECURSION = YES;
				CLANG_WARN_INT_CONVERSION = YES;
				CLANG_WARN_NON_LITERAL_NULL_CONVERSION = YES;
				CLANG_WARN_OBJC_IMPLICIT_RETAIN_SELF = YES;
				CLANG_WARN_OBJC_LITERAL_CONVERSION = YES;
				CLANG_WARN_OBJC_ROOT_CLASS = YES_ERROR;
				CLANG_WARN_QUOTED_INCLUDE_IN_FRAMEWORK_HEADER = YES;
				CLANG_WARN_RANGE_LOOP_ANALYSIS = YES;
				CLANG_WARN_STRICT_PROTOTYPES = YES;
				CLANG_WARN_SUSPICIOUS_MOVE = YES;
				CLANG_WARN_UNGUARDED_AVAILABILITY = YES_AGGRESSIVE;
				CLANG_WARN_UNREACHABLE_CODE = YES;
				CLANG_WARN__DUPLICATE_METHOD_MATCH = YES;
				COPY_PHASE_STRIP = NO;
				DEBUG_INFORMATION_FORMAT = "dwarf-with-dsym";
				ENABLE_NS_ASSERTIONS = NO;
				ENABLE_STRICT_OBJC_MSGSEND = YES;
				GCC_C_LANGUAGE_STANDARD = gnu11;
				GCC_NO_COMMON_BLOCKS = YES;
				GCC_WARN_64_TO_32_BIT_CONVERSION = YES;
				GCC_WARN_ABOUT_RETURN_TYPE = YES_ERROR;
				GCC_WARN_UNDECLARED_SELECTOR = YES;
				GCC_WARN_UNINITIALIZED_AUTOS = YES_AGGRESSIVE;
				GCC_WARN_UNUSED_FUNCTION = YES;
				GCC_WARN_UNUSED_VARIABLE = YES;
				IPHONEOS_DEPLOYMENT_TARGET = 16.1;
				MTL_ENABLE_DEBUG_INFO = NO;
				MTL_FAST_MATH = YES;
				SDKROOT = iphoneos;
				SWIFT_COMPILATION_MODE = wholemodule;
				SWIFT_OPTIMIZATION_LEVEL = "-O";
				VALIDATE_PRODUCT = YES;
			};
			name = Release;
		};
		C7EB4E3D29E7124500E5A764 /* Debug */ = {
			isa = XCBuildConfiguration;
			buildSettings = {
				ASSETCATALOG_COMPILER_APPICON_NAME = AppIcon;
				ASSETCATALOG_COMPILER_GLOBAL_ACCENT_COLOR_NAME = AccentColor;
				CODE_SIGN_STYLE = Automatic;
				CURRENT_PROJECT_VERSION = 1;
				DEVELOPMENT_ASSET_PATHS = "\"CleanArchitectureExample/Preview Content\"";
				DEVELOPMENT_TEAM = D6C5CCM5T8;
				ENABLE_PREVIEWS = YES;
				GENERATE_INFOPLIST_FILE = YES;
				INFOPLIST_KEY_UIApplicationSceneManifest_Generation = YES;
				INFOPLIST_KEY_UIApplicationSupportsIndirectInputEvents = YES;
				INFOPLIST_KEY_UILaunchScreen_Generation = YES;
				INFOPLIST_KEY_UISupportedInterfaceOrientations_iPad = "UIInterfaceOrientationPortrait UIInterfaceOrientationPortraitUpsideDown UIInterfaceOrientationLandscapeLeft UIInterfaceOrientationLandscapeRight";
				INFOPLIST_KEY_UISupportedInterfaceOrientations_iPhone = "UIInterfaceOrientationPortrait UIInterfaceOrientationLandscapeLeft UIInterfaceOrientationLandscapeRight";
				LD_RUNPATH_SEARCH_PATHS = (
					"$(inherited)",
					"@executable_path/Frameworks",
				);
				MARKETING_VERSION = 1.0;
				PRODUCT_BUNDLE_IDENTIFIER = danigp.es.CleanArchitectureExample;
				PRODUCT_NAME = "$(TARGET_NAME)";
				SWIFT_EMIT_LOC_STRINGS = YES;
				SWIFT_VERSION = 5.0;
				TARGETED_DEVICE_FAMILY = "1,2";
			};
			name = Debug;
		};
		C7EB4E3E29E7124500E5A764 /* Release */ = {
			isa = XCBuildConfiguration;
			buildSettings = {
				ASSETCATALOG_COMPILER_APPICON_NAME = AppIcon;
				ASSETCATALOG_COMPILER_GLOBAL_ACCENT_COLOR_NAME = AccentColor;
				CODE_SIGN_STYLE = Automatic;
				CURRENT_PROJECT_VERSION = 1;
				DEVELOPMENT_ASSET_PATHS = "\"CleanArchitectureExample/Preview Content\"";
				DEVELOPMENT_TEAM = D6C5CCM5T8;
				ENABLE_PREVIEWS = YES;
				GENERATE_INFOPLIST_FILE = YES;
				INFOPLIST_KEY_UIApplicationSceneManifest_Generation = YES;
				INFOPLIST_KEY_UIApplicationSupportsIndirectInputEvents = YES;
				INFOPLIST_KEY_UILaunchScreen_Generation = YES;
				INFOPLIST_KEY_UISupportedInterfaceOrientations_iPad = "UIInterfaceOrientationPortrait UIInterfaceOrientationPortraitUpsideDown UIInterfaceOrientationLandscapeLeft UIInterfaceOrientationLandscapeRight";
				INFOPLIST_KEY_UISupportedInterfaceOrientations_iPhone = "UIInterfaceOrientationPortrait UIInterfaceOrientationLandscapeLeft UIInterfaceOrientationLandscapeRight";
				LD_RUNPATH_SEARCH_PATHS = (
					"$(inherited)",
					"@executable_path/Frameworks",
				);
				MARKETING_VERSION = 1.0;
				PRODUCT_BUNDLE_IDENTIFIER = danigp.es.CleanArchitectureExample;
				PRODUCT_NAME = "$(TARGET_NAME)";
				SWIFT_EMIT_LOC_STRINGS = YES;
				SWIFT_VERSION = 5.0;
				TARGETED_DEVICE_FAMILY = "1,2";
			};
			name = Release;
		};
/* End XCBuildConfiguration section */

/* Begin XCConfigurationList section */
		C7EB4E2929E7124400E5A764 /* Build configuration list for PBXProject "CleanArchitectureExample" */ = {
			isa = XCConfigurationList;
			buildConfigurations = (
				C7EB4E3A29E7124500E5A764 /* Debug */,
				C7EB4E3B29E7124500E5A764 /* Release */,
			);
			defaultConfigurationIsVisible = 0;
			defaultConfigurationName = Release;
		};
		C7EB4E3C29E7124500E5A764 /* Build configuration list for PBXNativeTarget "CleanArchitectureExample" */ = {
			isa = XCConfigurationList;
			buildConfigurations = (
				C7EB4E3D29E7124500E5A764 /* Debug */,
				C7EB4E3E29E7124500E5A764 /* Release */,
			);
			defaultConfigurationIsVisible = 0;
			defaultConfigurationName = Release;
		};
/* End XCConfigurationList section */
	};
	rootObject = C7EB4E2629E7124400E5A764 /* Project object */;
}
